// !$*UTF8*$!
{
	archiveVersion = 1;
	classes = {
	};
	objectVersion = 46;
	objects = {

/* Begin PBXBuildFile section */
		757B4A1B653F9190DAA158F4 /* Pods_Pyramid_Tests.framework in Frameworks */ = {isa = PBXBuildFile; fileRef = EB407CE1BA144CA5ABCEB173 /* Pods_Pyramid_Tests.framework */; };
		CD4E10EF1ED3FA4500AB1F5D /* InactivityControllerImplTests.swift in Sources */ = {isa = PBXBuildFile; fileRef = CD4E10E91ED3FA4500AB1F5D /* InactivityControllerImplTests.swift */; };
		CD4E10F01ED3FA4500AB1F5D /* AppLifecycleNotifierTestDoubles.swift in Sources */ = {isa = PBXBuildFile; fileRef = CD4E10EB1ED3FA4500AB1F5D /* AppLifecycleNotifierTestDoubles.swift */; };
		CD4E10F11ED3FA4500AB1F5D /* InactivityNotifierConfigurationTestDoubles.swift in Sources */ = {isa = PBXBuildFile; fileRef = CD4E10EC1ED3FA4500AB1F5D /* InactivityNotifierConfigurationTestDoubles.swift */; };
		CD4E10F21ED3FA4500AB1F5D /* TimerTestDoubles.swift in Sources */ = {isa = PBXBuildFile; fileRef = CD4E10ED1ED3FA4500AB1F5D /* TimerTestDoubles.swift */; };
		CD4E10F31ED3FA4500AB1F5D /* UserInteractionNotifierTestDoubles.swift in Sources */ = {isa = PBXBuildFile; fileRef = CD4E10EE1ED3FA4500AB1F5D /* UserInteractionNotifierTestDoubles.swift */; };
		CD4E10FE1ED4132F00AB1F5D /* SwinejctFactoryTests.swift in Sources */ = {isa = PBXBuildFile; fileRef = CD4E10FB1ED4132F00AB1F5D /* SwinejctFactoryTests.swift */; };
		CD4E10FF1ED4132F00AB1F5D /* UIViewControllerPresenterSupportTests.swift in Sources */ = {isa = PBXBuildFile; fileRef = CD4E10FD1ED4132F00AB1F5D /* UIViewControllerPresenterSupportTests.swift */; };
		CD4E110B1ED420B900AB1F5D /* AsyncOperationTests.swift in Sources */ = {isa = PBXBuildFile; fileRef = CD4E110A1ED420B900AB1F5D /* AsyncOperationTests.swift */; };
		CD4E11101ED4232000AB1F5D /* ResultCachingOperationImplTests.swift in Sources */ = {isa = PBXBuildFile; fileRef = CD4E110F1ED4232000AB1F5D /* ResultCachingOperationImplTests.swift */; };
		CD4E11171ED4286600AB1F5D /* BasePresenterImplTests.swift in Sources */ = {isa = PBXBuildFile; fileRef = CD4E11161ED4286600AB1F5D /* BasePresenterImplTests.swift */; };
		CD4E11221ED428AD00AB1F5D /* InstanceProviderImplTests.swift in Sources */ = {isa = PBXBuildFile; fileRef = CD4E111B1ED428AD00AB1F5D /* InstanceProviderImplTests.swift */; };
		CD4E11231ED428AD00AB1F5D /* ScopeControllerImplTests.swift in Sources */ = {isa = PBXBuildFile; fileRef = CD4E111C1ED428AD00AB1F5D /* ScopeControllerImplTests.swift */; };
		CD4E11241ED428AD00AB1F5D /* ScopeControlerTestDoubles.swift in Sources */ = {isa = PBXBuildFile; fileRef = CD4E111E1ED428AD00AB1F5D /* ScopeControlerTestDoubles.swift */; };
		CD4E11251ED428AD00AB1F5D /* ScopeTestDoubles.swift in Sources */ = {isa = PBXBuildFile; fileRef = CD4E111F1ED428AD00AB1F5D /* ScopeTestDoubles.swift */; };
		CD4E11261ED428AD00AB1F5D /* AssemblerScopeImplTests.swift in Sources */ = {isa = PBXBuildFile; fileRef = CD4E11211ED428AD00AB1F5D /* AssemblerScopeImplTests.swift */; };
		CD4E112C1ED4294400AB1F5D /* ApplicationScopeControllerTests.swift in Sources */ = {isa = PBXBuildFile; fileRef = CD4E11291ED4294400AB1F5D /* ApplicationScopeControllerTests.swift */; };
		CD4E11571ED4295A00AB1F5D /* LoggerFakes.swift in Sources */ = {isa = PBXBuildFile; fileRef = CD4E11511ED4295A00AB1F5D /* LoggerFakes.swift */; };
		CD4E11581ED4295A00AB1F5D /* LoggerTests.swift in Sources */ = {isa = PBXBuildFile; fileRef = CD4E11521ED4295A00AB1F5D /* LoggerTests.swift */; };
		CD4E115A1ED4295A00AB1F5D /* ConsoleLoggerTests.swift in Sources */ = {isa = PBXBuildFile; fileRef = CD4E11561ED4295A00AB1F5D /* ConsoleLoggerTests.swift */; };
		CD4E115F1ED4296100AB1F5D /* EventCenterImplTests.swift in Sources */ = {isa = PBXBuildFile; fileRef = CD4E115D1ED4296100AB1F5D /* EventCenterImplTests.swift */; };
		CD4E11601ED4296100AB1F5D /* NotificationCenterImplTests.swift in Sources */ = {isa = PBXBuildFile; fileRef = CD4E115E1ED4296100AB1F5D /* NotificationCenterImplTests.swift */; };
		CD4E11701ED4296C00AB1F5D /* JSONDataSerializationTests.swift in Sources */ = {isa = PBXBuildFile; fileRef = CD4E11671ED4296C00AB1F5D /* JSONDataSerializationTests.swift */; };
		CD4E11711ED4296C00AB1F5D /* StringDataSerializationTests.swift in Sources */ = {isa = PBXBuildFile; fileRef = CD4E11681ED4296C00AB1F5D /* StringDataSerializationTests.swift */; };
		CD4E11721ED4296C00AB1F5D /* HTTPURLResponseProcessorTests.swift in Sources */ = {isa = PBXBuildFile; fileRef = CD4E11691ED4296C00AB1F5D /* HTTPURLResponseProcessorTests.swift */; };
		CD4E11731ED4296C00AB1F5D /* SyncNetworkClientTests.swift in Sources */ = {isa = PBXBuildFile; fileRef = CD4E116A1ED4296C00AB1F5D /* SyncNetworkClientTests.swift */; };
		CD4E11741ED4296C00AB1F5D /* URLRequestFactoryTests.swift in Sources */ = {isa = PBXBuildFile; fileRef = CD4E116B1ED4296C00AB1F5D /* URLRequestFactoryTests.swift */; };
		CD4E11751ED4296C00AB1F5D /* BaseRemoteResourceTests.swift in Sources */ = {isa = PBXBuildFile; fileRef = CD4E116D1ED4296C00AB1F5D /* BaseRemoteResourceTests.swift */; };
		CD4E11761ED4296C00AB1F5D /* NetworkResponseTests.swift in Sources */ = {isa = PBXBuildFile; fileRef = CD4E116E1ED4296C00AB1F5D /* NetworkResponseTests.swift */; };
		CD4E11791ED4297600AB1F5D /* ArgumentCheckingTests.swift in Sources */ = {isa = PBXBuildFile; fileRef = CD4E11781ED4297600AB1F5D /* ArgumentCheckingTests.swift */; };
		CD4E117B1ED42B1800AB1F5D /* TestLogger.swift in Sources */ = {isa = PBXBuildFile; fileRef = CD4E117A1ED42B1800AB1F5D /* TestLogger.swift */; };
		CD4E117D1ED42C8900AB1F5D /* NetworkClientConfigTestDoubles.swift in Sources */ = {isa = PBXBuildFile; fileRef = CD4E117C1ED42C8900AB1F5D /* NetworkClientConfigTestDoubles.swift */; };
		CD4E11821ED42E1700AB1F5D /* NetworkClientTestDoubles.swift in Sources */ = {isa = PBXBuildFile; fileRef = CD4E11801ED42E1700AB1F5D /* NetworkClientTestDoubles.swift */; };
		CD4E11831ED42E1700AB1F5D /* RemoteResourceConfigTestDoubles.swift in Sources */ = {isa = PBXBuildFile; fileRef = CD4E11811ED42E1700AB1F5D /* RemoteResourceConfigTestDoubles.swift */; };
		CD4E11871ED4378500AB1F5D /* SwinjectExtensionsTests.swift in Sources */ = {isa = PBXBuildFile; fileRef = CD4E11861ED4378500AB1F5D /* SwinjectExtensionsTests.swift */; };
/* End PBXBuildFile section */

/* Begin PBXFileReference section */
		12DD7C2F0EC508A565EEBC66 /* Pods-Pyramid_Tests.release.xcconfig */ = {isa = PBXFileReference; includeInIndex = 1; lastKnownFileType = text.xcconfig; name = "Pods-Pyramid_Tests.release.xcconfig"; path = "Pods/Target Support Files/Pods-Pyramid_Tests/Pods-Pyramid_Tests.release.xcconfig"; sourceTree = "<group>"; };
		288949172314C485BBC7209F /* Pods-test.release.xcconfig */ = {isa = PBXFileReference; includeInIndex = 1; lastKnownFileType = text.xcconfig; name = "Pods-test.release.xcconfig"; path = "Pods/Target Support Files/Pods-test/Pods-test.release.xcconfig"; sourceTree = "<group>"; };
		607FACE51AFB9204008FA782 /* Pyramid_Tests.xctest */ = {isa = PBXFileReference; explicitFileType = wrapper.cfbundle; includeInIndex = 0; path = Pyramid_Tests.xctest; sourceTree = BUILT_PRODUCTS_DIR; };
		607FACEA1AFB9204008FA782 /* Info.plist */ = {isa = PBXFileReference; lastKnownFileType = text.plist.xml; path = Info.plist; sourceTree = "<group>"; };
		65954FD9A87E379DC6F18944 /* LICENSE */ = {isa = PBXFileReference; includeInIndex = 1; lastKnownFileType = text; name = LICENSE; path = ../LICENSE; sourceTree = "<group>"; };
		9025D3A0ADB2920269E2100F /* Pods-Pyramid_Tests.debug.xcconfig */ = {isa = PBXFileReference; includeInIndex = 1; lastKnownFileType = text.xcconfig; name = "Pods-Pyramid_Tests.debug.xcconfig"; path = "Pods/Target Support Files/Pods-Pyramid_Tests/Pods-Pyramid_Tests.debug.xcconfig"; sourceTree = "<group>"; };
		AF33F91A241F70E0BDDBCFFE /* Pods_test.framework */ = {isa = PBXFileReference; explicitFileType = wrapper.framework; includeInIndex = 0; path = Pods_test.framework; sourceTree = BUILT_PRODUCTS_DIR; };
		B7B777C1D29B84346CB8CBF9 /* README.md */ = {isa = PBXFileReference; includeInIndex = 1; lastKnownFileType = net.daringfireball.markdown; name = README.md; path = ../README.md; sourceTree = "<group>"; };
		CD4E10E91ED3FA4500AB1F5D /* InactivityControllerImplTests.swift */ = {isa = PBXFileReference; fileEncoding = 4; lastKnownFileType = sourcecode.swift; path = InactivityControllerImplTests.swift; sourceTree = "<group>"; };
		CD4E10EB1ED3FA4500AB1F5D /* AppLifecycleNotifierTestDoubles.swift */ = {isa = PBXFileReference; fileEncoding = 4; lastKnownFileType = sourcecode.swift; path = AppLifecycleNotifierTestDoubles.swift; sourceTree = "<group>"; };
		CD4E10EC1ED3FA4500AB1F5D /* InactivityNotifierConfigurationTestDoubles.swift */ = {isa = PBXFileReference; fileEncoding = 4; lastKnownFileType = sourcecode.swift; path = InactivityNotifierConfigurationTestDoubles.swift; sourceTree = "<group>"; };
		CD4E10ED1ED3FA4500AB1F5D /* TimerTestDoubles.swift */ = {isa = PBXFileReference; fileEncoding = 4; lastKnownFileType = sourcecode.swift; path = TimerTestDoubles.swift; sourceTree = "<group>"; };
		CD4E10EE1ED3FA4500AB1F5D /* UserInteractionNotifierTestDoubles.swift */ = {isa = PBXFileReference; fileEncoding = 4; lastKnownFileType = sourcecode.swift; path = UserInteractionNotifierTestDoubles.swift; sourceTree = "<group>"; };
		CD4E10FB1ED4132F00AB1F5D /* SwinejctFactoryTests.swift */ = {isa = PBXFileReference; fileEncoding = 4; lastKnownFileType = sourcecode.swift; path = SwinejctFactoryTests.swift; sourceTree = "<group>"; };
		CD4E10FD1ED4132F00AB1F5D /* UIViewControllerPresenterSupportTests.swift */ = {isa = PBXFileReference; fileEncoding = 4; lastKnownFileType = sourcecode.swift; path = UIViewControllerPresenterSupportTests.swift; sourceTree = "<group>"; };
		CD4E110A1ED420B900AB1F5D /* AsyncOperationTests.swift */ = {isa = PBXFileReference; fileEncoding = 4; lastKnownFileType = sourcecode.swift; path = AsyncOperationTests.swift; sourceTree = "<group>"; };
		CD4E110F1ED4232000AB1F5D /* ResultCachingOperationImplTests.swift */ = {isa = PBXFileReference; fileEncoding = 4; lastKnownFileType = sourcecode.swift; path = ResultCachingOperationImplTests.swift; sourceTree = "<group>"; };
		CD4E11161ED4286600AB1F5D /* BasePresenterImplTests.swift */ = {isa = PBXFileReference; fileEncoding = 4; lastKnownFileType = sourcecode.swift; path = BasePresenterImplTests.swift; sourceTree = "<group>"; };
		CD4E111B1ED428AD00AB1F5D /* InstanceProviderImplTests.swift */ = {isa = PBXFileReference; fileEncoding = 4; lastKnownFileType = sourcecode.swift; path = InstanceProviderImplTests.swift; sourceTree = "<group>"; };
		CD4E111C1ED428AD00AB1F5D /* ScopeControllerImplTests.swift */ = {isa = PBXFileReference; fileEncoding = 4; lastKnownFileType = sourcecode.swift; path = ScopeControllerImplTests.swift; sourceTree = "<group>"; };
		CD4E111E1ED428AD00AB1F5D /* ScopeControlerTestDoubles.swift */ = {isa = PBXFileReference; fileEncoding = 4; lastKnownFileType = sourcecode.swift; path = ScopeControlerTestDoubles.swift; sourceTree = "<group>"; };
		CD4E111F1ED428AD00AB1F5D /* ScopeTestDoubles.swift */ = {isa = PBXFileReference; fileEncoding = 4; lastKnownFileType = sourcecode.swift; path = ScopeTestDoubles.swift; sourceTree = "<group>"; };
		CD4E11211ED428AD00AB1F5D /* AssemblerScopeImplTests.swift */ = {isa = PBXFileReference; fileEncoding = 4; lastKnownFileType = sourcecode.swift; path = AssemblerScopeImplTests.swift; sourceTree = "<group>"; };
		CD4E11291ED4294400AB1F5D /* ApplicationScopeControllerTests.swift */ = {isa = PBXFileReference; fileEncoding = 4; lastKnownFileType = sourcecode.swift; path = ApplicationScopeControllerTests.swift; sourceTree = "<group>"; };
		CD4E11511ED4295A00AB1F5D /* LoggerFakes.swift */ = {isa = PBXFileReference; fileEncoding = 4; lastKnownFileType = sourcecode.swift; path = LoggerFakes.swift; sourceTree = "<group>"; };
		CD4E11521ED4295A00AB1F5D /* LoggerTests.swift */ = {isa = PBXFileReference; fileEncoding = 4; lastKnownFileType = sourcecode.swift; path = LoggerTests.swift; sourceTree = "<group>"; };
		CD4E11561ED4295A00AB1F5D /* ConsoleLoggerTests.swift */ = {isa = PBXFileReference; fileEncoding = 4; lastKnownFileType = sourcecode.swift; path = ConsoleLoggerTests.swift; sourceTree = "<group>"; };
		CD4E115D1ED4296100AB1F5D /* EventCenterImplTests.swift */ = {isa = PBXFileReference; fileEncoding = 4; lastKnownFileType = sourcecode.swift; path = EventCenterImplTests.swift; sourceTree = "<group>"; };
		CD4E115E1ED4296100AB1F5D /* NotificationCenterImplTests.swift */ = {isa = PBXFileReference; fileEncoding = 4; lastKnownFileType = sourcecode.swift; path = NotificationCenterImplTests.swift; sourceTree = "<group>"; };
		CD4E11671ED4296C00AB1F5D /* JSONDataSerializationTests.swift */ = {isa = PBXFileReference; fileEncoding = 4; lastKnownFileType = sourcecode.swift; path = JSONDataSerializationTests.swift; sourceTree = "<group>"; };
		CD4E11681ED4296C00AB1F5D /* StringDataSerializationTests.swift */ = {isa = PBXFileReference; fileEncoding = 4; lastKnownFileType = sourcecode.swift; path = StringDataSerializationTests.swift; sourceTree = "<group>"; };
		CD4E11691ED4296C00AB1F5D /* HTTPURLResponseProcessorTests.swift */ = {isa = PBXFileReference; fileEncoding = 4; lastKnownFileType = sourcecode.swift; path = HTTPURLResponseProcessorTests.swift; sourceTree = "<group>"; };
		CD4E116A1ED4296C00AB1F5D /* SyncNetworkClientTests.swift */ = {isa = PBXFileReference; fileEncoding = 4; lastKnownFileType = sourcecode.swift; path = SyncNetworkClientTests.swift; sourceTree = "<group>"; };
		CD4E116B1ED4296C00AB1F5D /* URLRequestFactoryTests.swift */ = {isa = PBXFileReference; fileEncoding = 4; lastKnownFileType = sourcecode.swift; path = URLRequestFactoryTests.swift; sourceTree = "<group>"; };
		CD4E116D1ED4296C00AB1F5D /* BaseRemoteResourceTests.swift */ = {isa = PBXFileReference; fileEncoding = 4; lastKnownFileType = sourcecode.swift; path = BaseRemoteResourceTests.swift; sourceTree = "<group>"; };
		CD4E116E1ED4296C00AB1F5D /* NetworkResponseTests.swift */ = {isa = PBXFileReference; fileEncoding = 4; lastKnownFileType = sourcecode.swift; path = NetworkResponseTests.swift; sourceTree = "<group>"; };
		CD4E11781ED4297600AB1F5D /* ArgumentCheckingTests.swift */ = {isa = PBXFileReference; fileEncoding = 4; lastKnownFileType = sourcecode.swift; path = ArgumentCheckingTests.swift; sourceTree = "<group>"; };
		CD4E117A1ED42B1800AB1F5D /* TestLogger.swift */ = {isa = PBXFileReference; fileEncoding = 4; lastKnownFileType = sourcecode.swift; path = TestLogger.swift; sourceTree = "<group>"; };
		CD4E117C1ED42C8900AB1F5D /* NetworkClientConfigTestDoubles.swift */ = {isa = PBXFileReference; fileEncoding = 4; lastKnownFileType = sourcecode.swift; path = NetworkClientConfigTestDoubles.swift; sourceTree = "<group>"; };
		CD4E11801ED42E1700AB1F5D /* NetworkClientTestDoubles.swift */ = {isa = PBXFileReference; fileEncoding = 4; lastKnownFileType = sourcecode.swift; path = NetworkClientTestDoubles.swift; sourceTree = "<group>"; };
		CD4E11811ED42E1700AB1F5D /* RemoteResourceConfigTestDoubles.swift */ = {isa = PBXFileReference; fileEncoding = 4; lastKnownFileType = sourcecode.swift; path = RemoteResourceConfigTestDoubles.swift; sourceTree = "<group>"; };
		CD4E11861ED4378500AB1F5D /* SwinjectExtensionsTests.swift */ = {isa = PBXFileReference; fileEncoding = 4; lastKnownFileType = sourcecode.swift; path = SwinjectExtensionsTests.swift; sourceTree = "<group>"; };
		EB407CE1BA144CA5ABCEB173 /* Pods_Pyramid_Tests.framework */ = {isa = PBXFileReference; explicitFileType = wrapper.framework; includeInIndex = 0; path = Pods_Pyramid_Tests.framework; sourceTree = BUILT_PRODUCTS_DIR; };
		F2F3C580CC18B1F71A2E5881 /* Pods-test.debug.xcconfig */ = {isa = PBXFileReference; includeInIndex = 1; lastKnownFileType = text.xcconfig; name = "Pods-test.debug.xcconfig"; path = "Pods/Target Support Files/Pods-test/Pods-test.debug.xcconfig"; sourceTree = "<group>"; };
		F66328D1D37FAEA49B9A678D /* Pyramid.podspec */ = {isa = PBXFileReference; includeInIndex = 1; lastKnownFileType = text; name = Pyramid.podspec; path = ../Pyramid.podspec; sourceTree = "<group>"; };
/* End PBXFileReference section */

/* Begin PBXFrameworksBuildPhase section */
		607FACE21AFB9204008FA782 /* Frameworks */ = {
			isa = PBXFrameworksBuildPhase;
			buildActionMask = 2147483647;
			files = (
				757B4A1B653F9190DAA158F4 /* Pods_Pyramid_Tests.framework in Frameworks */,
			);
			runOnlyForDeploymentPostprocessing = 0;
		};
/* End PBXFrameworksBuildPhase section */

/* Begin PBXGroup section */
		607FACC71AFB9204008FA782 = {
			isa = PBXGroup;
			children = (
				607FACF51AFB993E008FA782 /* Podspec Metadata */,
				607FACE81AFB9204008FA782 /* Tests */,
				607FACD11AFB9204008FA782 /* Products */,
				FE230B6B3443CAE9C61E6D28 /* Pods */,
				CC048488C938C8C27719F713 /* Frameworks */,
			);
			sourceTree = "<group>";
		};
		607FACD11AFB9204008FA782 /* Products */ = {
			isa = PBXGroup;
			children = (
				607FACE51AFB9204008FA782 /* Pyramid_Tests.xctest */,
			);
			name = Products;
			sourceTree = "<group>";
		};
		607FACE81AFB9204008FA782 /* Tests */ = {
			isa = PBXGroup;
			children = (
				CD4E11771ED4297600AB1F5D /* Validation */,
				CD4E11611ED4296C00AB1F5D /* Networking */,
				CD4E115B1ED4296100AB1F5D /* Notification Center */,
				CD4E114F1ED4295A00AB1F5D /* Logger */,
				CD4E11271ED4294400AB1F5D /* Application Scope */,
				CD4E11191ED428AD00AB1F5D /* Scope Management */,
				CD4E10F91ED4132F00AB1F5D /* Architecture Concepts */,
				CD4E10E71ED3FA4500AB1F5D /* Inactivity */,
				607FACE91AFB9204008FA782 /* Supporting Files */,
			);
			path = Tests;
			sourceTree = "<group>";
		};
		607FACE91AFB9204008FA782 /* Supporting Files */ = {
			isa = PBXGroup;
			children = (
				607FACEA1AFB9204008FA782 /* Info.plist */,
			);
			name = "Supporting Files";
			sourceTree = "<group>";
		};
		607FACF51AFB993E008FA782 /* Podspec Metadata */ = {
			isa = PBXGroup;
			children = (
				F66328D1D37FAEA49B9A678D /* Pyramid.podspec */,
				B7B777C1D29B84346CB8CBF9 /* README.md */,
				65954FD9A87E379DC6F18944 /* LICENSE */,
			);
			name = "Podspec Metadata";
			sourceTree = "<group>";
		};
		CC048488C938C8C27719F713 /* Frameworks */ = {
			isa = PBXGroup;
			children = (
				EB407CE1BA144CA5ABCEB173 /* Pods_Pyramid_Tests.framework */,
				AF33F91A241F70E0BDDBCFFE /* Pods_test.framework */,
			);
			name = Frameworks;
			sourceTree = "<group>";
		};
		CD4E10E71ED3FA4500AB1F5D /* Inactivity */ = {
			isa = PBXGroup;
			children = (
				CD4E10E81ED3FA4500AB1F5D /* Application */,
			);
			path = Inactivity;
			sourceTree = "<group>";
		};
		CD4E10E81ED3FA4500AB1F5D /* Application */ = {
			isa = PBXGroup;
			children = (
				CD4E10E91ED3FA4500AB1F5D /* InactivityControllerImplTests.swift */,
				CD4E10EA1ED3FA4500AB1F5D /* Test Doubles */,
			);
			path = Application;
			sourceTree = "<group>";
		};
		CD4E10EA1ED3FA4500AB1F5D /* Test Doubles */ = {
			isa = PBXGroup;
			children = (
				CD4E10EB1ED3FA4500AB1F5D /* AppLifecycleNotifierTestDoubles.swift */,
				CD4E10EC1ED3FA4500AB1F5D /* InactivityNotifierConfigurationTestDoubles.swift */,
				CD4E10ED1ED3FA4500AB1F5D /* TimerTestDoubles.swift */,
				CD4E10EE1ED3FA4500AB1F5D /* UserInteractionNotifierTestDoubles.swift */,
			);
			path = "Test Doubles";
			sourceTree = "<group>";
		};
		CD4E10F91ED4132F00AB1F5D /* Architecture Concepts */ = {
			isa = PBXGroup;
			children = (
				CD4E11181ED4286800AB1F5D /* Presentation */,
				CD4E110E1ED4230D00AB1F5D /* DataAccess */,
				CD4E11091ED420B900AB1F5D /* Application */,
				CD4E10FA1ED4132F00AB1F5D /* Injection */,
				CD4E10FC1ED4132F00AB1F5D /* View */,
			);
			path = "Architecture Concepts";
			sourceTree = "<group>";
		};
		CD4E10FA1ED4132F00AB1F5D /* Injection */ = {
			isa = PBXGroup;
			children = (
				CD4E10FB1ED4132F00AB1F5D /* SwinejctFactoryTests.swift */,
				CD4E11861ED4378500AB1F5D /* SwinjectExtensionsTests.swift */,
			);
			path = Injection;
			sourceTree = "<group>";
		};
		CD4E10FC1ED4132F00AB1F5D /* View */ = {
			isa = PBXGroup;
			children = (
				CD4E10FD1ED4132F00AB1F5D /* UIViewControllerPresenterSupportTests.swift */,
			);
			path = View;
			sourceTree = "<group>";
		};
		CD4E11091ED420B900AB1F5D /* Application */ = {
			isa = PBXGroup;
			children = (
				CD4E110A1ED420B900AB1F5D /* AsyncOperationTests.swift */,
			);
			path = Application;
			sourceTree = "<group>";
		};
		CD4E110E1ED4230D00AB1F5D /* DataAccess */ = {
			isa = PBXGroup;
			children = (
				CD4E110F1ED4232000AB1F5D /* ResultCachingOperationImplTests.swift */,
			);
			name = DataAccess;
			sourceTree = "<group>";
		};
		CD4E11181ED4286800AB1F5D /* Presentation */ = {
			isa = PBXGroup;
			children = (
				CD4E11161ED4286600AB1F5D /* BasePresenterImplTests.swift */,
			);
			name = Presentation;
			sourceTree = "<group>";
		};
		CD4E11191ED428AD00AB1F5D /* Scope Management */ = {
			isa = PBXGroup;
			children = (
				CD4E111A1ED428AD00AB1F5D /* Application */,
				CD4E11201ED428AD00AB1F5D /* Injection */,
			);
			path = "Scope Management";
			sourceTree = "<group>";
		};
		CD4E111A1ED428AD00AB1F5D /* Application */ = {
			isa = PBXGroup;
			children = (
				CD4E111B1ED428AD00AB1F5D /* InstanceProviderImplTests.swift */,
				CD4E111C1ED428AD00AB1F5D /* ScopeControllerImplTests.swift */,
				CD4E111D1ED428AD00AB1F5D /* TestDoubles */,
			);
			path = Application;
			sourceTree = "<group>";
		};
		CD4E111D1ED428AD00AB1F5D /* TestDoubles */ = {
			isa = PBXGroup;
			children = (
				CD4E111E1ED428AD00AB1F5D /* ScopeControlerTestDoubles.swift */,
				CD4E111F1ED428AD00AB1F5D /* ScopeTestDoubles.swift */,
			);
			path = TestDoubles;
			sourceTree = "<group>";
		};
		CD4E11201ED428AD00AB1F5D /* Injection */ = {
			isa = PBXGroup;
			children = (
				CD4E11211ED428AD00AB1F5D /* AssemblerScopeImplTests.swift */,
			);
			path = Injection;
			sourceTree = "<group>";
		};
		CD4E11271ED4294400AB1F5D /* Application Scope */ = {
			isa = PBXGroup;
			children = (
				CD4E11281ED4294400AB1F5D /* Application */,
			);
			path = "Application Scope";
			sourceTree = "<group>";
		};
		CD4E11281ED4294400AB1F5D /* Application */ = {
			isa = PBXGroup;
			children = (
				CD4E11291ED4294400AB1F5D /* ApplicationScopeControllerTests.swift */,
			);
			path = Application;
			sourceTree = "<group>";
		};
		CD4E114F1ED4295A00AB1F5D /* Logger */ = {
			isa = PBXGroup;
			children = (
				CD4E11501ED4295A00AB1F5D /* Domain */,
				CD4E11551ED4295A00AB1F5D /* Platform */,
			);
			path = Logger;
			sourceTree = "<group>";
		};
		CD4E11501ED4295A00AB1F5D /* Domain */ = {
			isa = PBXGroup;
			children = (
				CD4E11511ED4295A00AB1F5D /* LoggerFakes.swift */,
				CD4E11521ED4295A00AB1F5D /* LoggerTests.swift */,
			);
			path = Domain;
			sourceTree = "<group>";
		};
		CD4E11551ED4295A00AB1F5D /* Platform */ = {
			isa = PBXGroup;
			children = (
				CD4E11561ED4295A00AB1F5D /* ConsoleLoggerTests.swift */,
			);
			path = Platform;
			sourceTree = "<group>";
		};
		CD4E115B1ED4296100AB1F5D /* Notification Center */ = {
			isa = PBXGroup;
			children = (
				CD4E115C1ED4296100AB1F5D /* Application */,
			);
			path = "Notification Center";
			sourceTree = "<group>";
		};
		CD4E115C1ED4296100AB1F5D /* Application */ = {
			isa = PBXGroup;
			children = (
				CD4E115D1ED4296100AB1F5D /* EventCenterImplTests.swift */,
				CD4E115E1ED4296100AB1F5D /* NotificationCenterImplTests.swift */,
			);
			path = Application;
			sourceTree = "<group>";
		};
		CD4E11611ED4296C00AB1F5D /* Networking */ = {
			isa = PBXGroup;
			children = (
				CD4E11801ED42E1700AB1F5D /* NetworkClientTestDoubles.swift */,
				CD4E11811ED42E1700AB1F5D /* RemoteResourceConfigTestDoubles.swift */,
				CD4E117C1ED42C8900AB1F5D /* NetworkClientConfigTestDoubles.swift */,
				CD4E117A1ED42B1800AB1F5D /* TestLogger.swift */,
				CD4E11641ED4296C00AB1F5D /* Platform */,
				CD4E116C1ED4296C00AB1F5D /* Resource */,
			);
			path = Networking;
			sourceTree = "<group>";
		};
		CD4E11641ED4296C00AB1F5D /* Platform */ = {
			isa = PBXGroup;
			children = (
				CD4E11651ED4296C00AB1F5D /* Client */,
			);
			path = Platform;
			sourceTree = "<group>";
		};
		CD4E11651ED4296C00AB1F5D /* Client */ = {
			isa = PBXGroup;
			children = (
				CD4E11661ED4296C00AB1F5D /* Data Serialization */,
				CD4E11691ED4296C00AB1F5D /* HTTPURLResponseProcessorTests.swift */,
				CD4E116A1ED4296C00AB1F5D /* SyncNetworkClientTests.swift */,
				CD4E116B1ED4296C00AB1F5D /* URLRequestFactoryTests.swift */,
			);
			path = Client;
			sourceTree = "<group>";
		};
		CD4E11661ED4296C00AB1F5D /* Data Serialization */ = {
			isa = PBXGroup;
			children = (
				CD4E11671ED4296C00AB1F5D /* JSONDataSerializationTests.swift */,
				CD4E11681ED4296C00AB1F5D /* StringDataSerializationTests.swift */,
			);
			path = "Data Serialization";
			sourceTree = "<group>";
		};
		CD4E116C1ED4296C00AB1F5D /* Resource */ = {
			isa = PBXGroup;
			children = (
				CD4E116D1ED4296C00AB1F5D /* BaseRemoteResourceTests.swift */,
				CD4E116E1ED4296C00AB1F5D /* NetworkResponseTests.swift */,
			);
			path = Resource;
			sourceTree = "<group>";
		};
		CD4E11771ED4297600AB1F5D /* Validation */ = {
			isa = PBXGroup;
			children = (
				CD4E11781ED4297600AB1F5D /* ArgumentCheckingTests.swift */,
			);
			path = Validation;
			sourceTree = "<group>";
		};
		FE230B6B3443CAE9C61E6D28 /* Pods */ = {
			isa = PBXGroup;
			children = (
				9025D3A0ADB2920269E2100F /* Pods-Pyramid_Tests.debug.xcconfig */,
				12DD7C2F0EC508A565EEBC66 /* Pods-Pyramid_Tests.release.xcconfig */,
				F2F3C580CC18B1F71A2E5881 /* Pods-test.debug.xcconfig */,
				288949172314C485BBC7209F /* Pods-test.release.xcconfig */,
			);
			name = Pods;
			sourceTree = "<group>";
		};
/* End PBXGroup section */

/* Begin PBXNativeTarget section */
		607FACE41AFB9204008FA782 /* Pyramid_Tests */ = {
			isa = PBXNativeTarget;
			buildConfigurationList = 607FACF21AFB9204008FA782 /* Build configuration list for PBXNativeTarget "Pyramid_Tests" */;
			buildPhases = (
				61D6C0797B2703DD020DF5ED /* [CP] Check Pods Manifest.lock */,
				607FACE11AFB9204008FA782 /* Sources */,
				607FACE21AFB9204008FA782 /* Frameworks */,
				607FACE31AFB9204008FA782 /* Resources */,
				08768D9270EA0DE0F3DC4671 /* [CP] Embed Pods Frameworks */,
				254CA147DD884270FE8B5C35 /* [CP] Copy Pods Resources */,
			);
			buildRules = (
			);
			dependencies = (
			);
			name = Pyramid_Tests;
			productName = Tests;
			productReference = 607FACE51AFB9204008FA782 /* Pyramid_Tests.xctest */;
			productType = "com.apple.product-type.bundle.unit-test";
		};
/* End PBXNativeTarget section */

/* Begin PBXProject section */
		607FACC81AFB9204008FA782 /* Project object */ = {
			isa = PBXProject;
			attributes = {
				LastSwiftUpdateCheck = 0830;
				LastUpgradeCheck = 0820;
				ORGANIZATIONNAME = CocoaPods;
				TargetAttributes = {
					607FACE41AFB9204008FA782 = {
						CreatedOnToolsVersion = 6.3.1;
						LastSwiftMigration = 0820;
						TestTargetID = 607FACCF1AFB9204008FA782;
					};
				};
			};
			buildConfigurationList = 607FACCB1AFB9204008FA782 /* Build configuration list for PBXProject "Pyramid" */;
			compatibilityVersion = "Xcode 3.2";
			developmentRegion = English;
			hasScannedForEncodings = 0;
			knownRegions = (
				en,
				Base,
			);
			mainGroup = 607FACC71AFB9204008FA782;
			productRefGroup = 607FACD11AFB9204008FA782 /* Products */;
			projectDirPath = "";
			projectRoot = "";
			targets = (
				607FACE41AFB9204008FA782 /* Pyramid_Tests */,
			);
		};
/* End PBXProject section */

/* Begin PBXResourcesBuildPhase section */
		607FACE31AFB9204008FA782 /* Resources */ = {
			isa = PBXResourcesBuildPhase;
			buildActionMask = 2147483647;
			files = (
			);
			runOnlyForDeploymentPostprocessing = 0;
		};
/* End PBXResourcesBuildPhase section */

/* Begin PBXShellScriptBuildPhase section */
		08768D9270EA0DE0F3DC4671 /* [CP] Embed Pods Frameworks */ = {
			isa = PBXShellScriptBuildPhase;
			buildActionMask = 2147483647;
			files = (
			);
			inputPaths = (
			);
			name = "[CP] Embed Pods Frameworks";
			outputPaths = (
			);
			runOnlyForDeploymentPostprocessing = 0;
			shellPath = /bin/sh;
			shellScript = "\"${SRCROOT}/Pods/Target Support Files/Pods-Pyramid_Tests/Pods-Pyramid_Tests-frameworks.sh\"\n";
			showEnvVarsInLog = 0;
		};
		254CA147DD884270FE8B5C35 /* [CP] Copy Pods Resources */ = {
			isa = PBXShellScriptBuildPhase;
			buildActionMask = 2147483647;
			files = (
			);
			inputPaths = (
			);
			name = "[CP] Copy Pods Resources";
			outputPaths = (
			);
			runOnlyForDeploymentPostprocessing = 0;
			shellPath = /bin/sh;
			shellScript = "\"${SRCROOT}/Pods/Target Support Files/Pods-Pyramid_Tests/Pods-Pyramid_Tests-resources.sh\"\n";
			showEnvVarsInLog = 0;
		};
		61D6C0797B2703DD020DF5ED /* [CP] Check Pods Manifest.lock */ = {
			isa = PBXShellScriptBuildPhase;
			buildActionMask = 2147483647;
			files = (
			);
			inputPaths = (
			);
			name = "[CP] Check Pods Manifest.lock";
			outputPaths = (
			);
			runOnlyForDeploymentPostprocessing = 0;
			shellPath = /bin/sh;
			shellScript = "diff \"${PODS_PODFILE_DIR_PATH}/Podfile.lock\" \"${PODS_ROOT}/Manifest.lock\" > /dev/null\nif [ $? != 0 ] ; then\n    # print error to STDERR\n    echo \"error: The sandbox is not in sync with the Podfile.lock. Run 'pod install' or update your CocoaPods installation.\" >&2\n    exit 1\nfi\n";
			showEnvVarsInLog = 0;
		};
/* End PBXShellScriptBuildPhase section */

/* Begin PBXSourcesBuildPhase section */
		607FACE11AFB9204008FA782 /* Sources */ = {
			isa = PBXSourcesBuildPhase;
			buildActionMask = 2147483647;
			files = (
				CD4E11701ED4296C00AB1F5D /* JSONDataSerializationTests.swift in Sources */,
				CD4E11241ED428AD00AB1F5D /* ScopeControlerTestDoubles.swift in Sources */,
				CD4E112C1ED4294400AB1F5D /* ApplicationScopeControllerTests.swift in Sources */,
				CD4E11231ED428AD00AB1F5D /* ScopeControllerImplTests.swift in Sources */,
				CD4E10F21ED3FA4500AB1F5D /* TimerTestDoubles.swift in Sources */,
				CD4E11601ED4296100AB1F5D /* NotificationCenterImplTests.swift in Sources */,
				CD4E115F1ED4296100AB1F5D /* EventCenterImplTests.swift in Sources */,
				CD4E11871ED4378500AB1F5D /* SwinjectExtensionsTests.swift in Sources */,
				CD4E11741ED4296C00AB1F5D /* URLRequestFactoryTests.swift in Sources */,
				CD4E10EF1ED3FA4500AB1F5D /* InactivityControllerImplTests.swift in Sources */,
				CD4E11731ED4296C00AB1F5D /* SyncNetworkClientTests.swift in Sources */,
				CD4E11171ED4286600AB1F5D /* BasePresenterImplTests.swift in Sources */,
				CD4E11581ED4295A00AB1F5D /* LoggerTests.swift in Sources */,
				CD4E117D1ED42C8900AB1F5D /* NetworkClientConfigTestDoubles.swift in Sources */,
				CD4E11261ED428AD00AB1F5D /* AssemblerScopeImplTests.swift in Sources */,
				CD4E11791ED4297600AB1F5D /* ArgumentCheckingTests.swift in Sources */,
				CD4E10F01ED3FA4500AB1F5D /* AppLifecycleNotifierTestDoubles.swift in Sources */,
				CD4E11831ED42E1700AB1F5D /* RemoteResourceConfigTestDoubles.swift in Sources */,
				CD4E11711ED4296C00AB1F5D /* StringDataSerializationTests.swift in Sources */,
				CD4E10FE1ED4132F00AB1F5D /* SwinejctFactoryTests.swift in Sources */,
				CD4E11101ED4232000AB1F5D /* ResultCachingOperationImplTests.swift in Sources */,
				CD4E117B1ED42B1800AB1F5D /* TestLogger.swift in Sources */,
				CD4E110B1ED420B900AB1F5D /* AsyncOperationTests.swift in Sources */,
				CD4E11751ED4296C00AB1F5D /* BaseRemoteResourceTests.swift in Sources */,
				CD4E10FF1ED4132F00AB1F5D /* UIViewControllerPresenterSupportTests.swift in Sources */,
				CD4E10F31ED3FA4500AB1F5D /* UserInteractionNotifierTestDoubles.swift in Sources */,
				CD4E11571ED4295A00AB1F5D /* LoggerFakes.swift in Sources */,
				CD4E11821ED42E1700AB1F5D /* NetworkClientTestDoubles.swift in Sources */,
				CD4E11251ED428AD00AB1F5D /* ScopeTestDoubles.swift in Sources */,
				CD4E11721ED4296C00AB1F5D /* HTTPURLResponseProcessorTests.swift in Sources */,
				CD4E115A1ED4295A00AB1F5D /* ConsoleLoggerTests.swift in Sources */,
				CD4E11761ED4296C00AB1F5D /* NetworkResponseTests.swift in Sources */,
				CD4E10F11ED3FA4500AB1F5D /* InactivityNotifierConfigurationTestDoubles.swift in Sources */,
				CD4E11221ED428AD00AB1F5D /* InstanceProviderImplTests.swift in Sources */,
			);
			runOnlyForDeploymentPostprocessing = 0;
		};
/* End PBXSourcesBuildPhase section */

/* Begin XCBuildConfiguration section */
		607FACED1AFB9204008FA782 /* Debug */ = {
			isa = XCBuildConfiguration;
			buildSettings = {
				ALWAYS_SEARCH_USER_PATHS = NO;
				CLANG_CXX_LANGUAGE_STANDARD = "gnu++0x";
				CLANG_CXX_LIBRARY = "libc++";
				CLANG_ENABLE_MODULES = YES;
				CLANG_ENABLE_OBJC_ARC = YES;
				CLANG_WARN_BOOL_CONVERSION = YES;
				CLANG_WARN_CONSTANT_CONVERSION = YES;
				CLANG_WARN_DIRECT_OBJC_ISA_USAGE = YES_ERROR;
				CLANG_WARN_EMPTY_BODY = YES;
				CLANG_WARN_ENUM_CONVERSION = YES;
				CLANG_WARN_INFINITE_RECURSION = YES;
				CLANG_WARN_INT_CONVERSION = YES;
				CLANG_WARN_OBJC_ROOT_CLASS = YES_ERROR;
				CLANG_WARN_SUSPICIOUS_MOVE = YES;
				CLANG_WARN_UNREACHABLE_CODE = YES;
				CLANG_WARN__DUPLICATE_METHOD_MATCH = YES;
				"CODE_SIGN_IDENTITY[sdk=iphoneos*]" = "iPhone Developer";
				COPY_PHASE_STRIP = NO;
				DEBUG_INFORMATION_FORMAT = "dwarf-with-dsym";
				ENABLE_STRICT_OBJC_MSGSEND = YES;
				ENABLE_TESTABILITY = YES;
				GCC_C_LANGUAGE_STANDARD = gnu99;
				GCC_DYNAMIC_NO_PIC = NO;
				GCC_NO_COMMON_BLOCKS = YES;
				GCC_OPTIMIZATION_LEVEL = 0;
				GCC_PREPROCESSOR_DEFINITIONS = (
					"DEBUG=1",
					"$(inherited)",
				);
				GCC_SYMBOLS_PRIVATE_EXTERN = NO;
				GCC_WARN_64_TO_32_BIT_CONVERSION = YES;
				GCC_WARN_ABOUT_RETURN_TYPE = YES_ERROR;
				GCC_WARN_UNDECLARED_SELECTOR = YES;
				GCC_WARN_UNINITIALIZED_AUTOS = YES_AGGRESSIVE;
				GCC_WARN_UNUSED_FUNCTION = YES;
				GCC_WARN_UNUSED_VARIABLE = YES;
				IPHONEOS_DEPLOYMENT_TARGET = 8.3;
				MTL_ENABLE_DEBUG_INFO = YES;
				ONLY_ACTIVE_ARCH = YES;
				SDKROOT = iphoneos;
				SWIFT_OPTIMIZATION_LEVEL = "-Onone";
			};
			name = Debug;
		};
		607FACEE1AFB9204008FA782 /* Release */ = {
			isa = XCBuildConfiguration;
			buildSettings = {
				ALWAYS_SEARCH_USER_PATHS = NO;
				CLANG_CXX_LANGUAGE_STANDARD = "gnu++0x";
				CLANG_CXX_LIBRARY = "libc++";
				CLANG_ENABLE_MODULES = YES;
				CLANG_ENABLE_OBJC_ARC = YES;
				CLANG_WARN_BOOL_CONVERSION = YES;
				CLANG_WARN_CONSTANT_CONVERSION = YES;
				CLANG_WARN_DIRECT_OBJC_ISA_USAGE = YES_ERROR;
				CLANG_WARN_EMPTY_BODY = YES;
				CLANG_WARN_ENUM_CONVERSION = YES;
				CLANG_WARN_INFINITE_RECURSION = YES;
				CLANG_WARN_INT_CONVERSION = YES;
				CLANG_WARN_OBJC_ROOT_CLASS = YES_ERROR;
				CLANG_WARN_SUSPICIOUS_MOVE = YES;
				CLANG_WARN_UNREACHABLE_CODE = YES;
				CLANG_WARN__DUPLICATE_METHOD_MATCH = YES;
				"CODE_SIGN_IDENTITY[sdk=iphoneos*]" = "iPhone Developer";
				COPY_PHASE_STRIP = NO;
				DEBUG_INFORMATION_FORMAT = "dwarf-with-dsym";
				ENABLE_NS_ASSERTIONS = NO;
				ENABLE_STRICT_OBJC_MSGSEND = YES;
				GCC_C_LANGUAGE_STANDARD = gnu99;
				GCC_NO_COMMON_BLOCKS = YES;
				GCC_WARN_64_TO_32_BIT_CONVERSION = YES;
				GCC_WARN_ABOUT_RETURN_TYPE = YES_ERROR;
				GCC_WARN_UNDECLARED_SELECTOR = YES;
				GCC_WARN_UNINITIALIZED_AUTOS = YES_AGGRESSIVE;
				GCC_WARN_UNUSED_FUNCTION = YES;
				GCC_WARN_UNUSED_VARIABLE = YES;
				IPHONEOS_DEPLOYMENT_TARGET = 8.3;
				MTL_ENABLE_DEBUG_INFO = NO;
				SDKROOT = iphoneos;
				SWIFT_OPTIMIZATION_LEVEL = "-Owholemodule";
				VALIDATE_PRODUCT = YES;
			};
			name = Release;
		};
		607FACF31AFB9204008FA782 /* Debug */ = {
			isa = XCBuildConfiguration;
			baseConfigurationReference = 9025D3A0ADB2920269E2100F /* Pods-Pyramid_Tests.debug.xcconfig */;
			buildSettings = {
				FRAMEWORK_SEARCH_PATHS = (
					"$(SDKROOT)/Developer/Library/Frameworks",
					"$(inherited)",
				);
				GCC_PREPROCESSOR_DEFINITIONS = (
					"DEBUG=1",
					"$(inherited)",
				);
				INFOPLIST_FILE = Tests/Info.plist;
				LD_RUNPATH_SEARCH_PATHS = "$(inherited) @executable_path/Frameworks @loader_path/Frameworks";
				PRODUCT_BUNDLE_IDENTIFIER = "org.cocoapods.$(PRODUCT_NAME:rfc1034identifier)";
				PRODUCT_NAME = "$(TARGET_NAME)";
				SWIFT_VERSION = 3.0;
			};
			name = Debug;
		};
		607FACF41AFB9204008FA782 /* Release */ = {
			isa = XCBuildConfiguration;
			baseConfigurationReference = 12DD7C2F0EC508A565EEBC66 /* Pods-Pyramid_Tests.release.xcconfig */;
			buildSettings = {
				FRAMEWORK_SEARCH_PATHS = (
					"$(SDKROOT)/Developer/Library/Frameworks",
					"$(inherited)",
				);
				INFOPLIST_FILE = Tests/Info.plist;
				LD_RUNPATH_SEARCH_PATHS = "$(inherited) @executable_path/Frameworks @loader_path/Frameworks";
				PRODUCT_BUNDLE_IDENTIFIER = "org.cocoapods.$(PRODUCT_NAME:rfc1034identifier)";
				PRODUCT_NAME = "$(TARGET_NAME)";
				SWIFT_VERSION = 3.0;
			};
			name = Release;
		};
/* End XCBuildConfiguration section */

/* Begin XCConfigurationList section */
		607FACCB1AFB9204008FA782 /* Build configuration list for PBXProject "Pyramid" */ = {
			isa = XCConfigurationList;
			buildConfigurations = (
				607FACED1AFB9204008FA782 /* Debug */,
				607FACEE1AFB9204008FA782 /* Release */,
			);
			defaultConfigurationIsVisible = 0;
			defaultConfigurationName = Release;
		};
		607FACF21AFB9204008FA782 /* Build configuration list for PBXNativeTarget "Pyramid_Tests" */ = {
			isa = XCConfigurationList;
			buildConfigurations = (
				607FACF31AFB9204008FA782 /* Debug */,
				607FACF41AFB9204008FA782 /* Release */,
			);
			defaultConfigurationIsVisible = 0;
			defaultConfigurationName = Release;
		};
/* End XCConfigurationList section */
	};
	rootObject = 607FACC81AFB9204008FA782 /* Project object */;
}
